
Microsoft Visual Studio Solution File, Format Version 12.00
# Visual Studio Version 17
VisualStudioVersion = 17.12.35707.178
MinimumVisualStudioVersion = 10.0.40219.1
Project("{D954291E-2A0B-460D-934E-DC6B0785DB48}") = "FlowUI.Common", "FlowUI.Common\FlowUI.Common.shproj", "{69CBF0C9-2B18-4E7C-A855-190F19C0D4C7}"
EndProject
Project("{2150E333-8FDC-42A3-9474-1A3956D46DE8}") = "Examples", "Examples", "{93ECB88E-94BE-4860-89C1-68146422E205}"
EndProject
Project("{FAE04EC0-301F-11D3-BF4B-00C04F79EFBC}") = "Example.CustomAPI", "Examples\Example.CustomAPI\Example.CustomAPI.csproj", "{819C8E94-3E09-4FBE-A3A0-EF2445984557}"
EndProject
Project("{FAE04EC0-301F-11D3-BF4B-00C04F79EFBC}") = "FlowUI.WebResource.Common", "FlowUI.WebResource.Common\FlowUI.WebResource.Common.csproj", "{2D0041E9-05AF-45FA-A963-35016990E615}"
EndProject
Project("{FAE04EC0-301F-11D3-BF4B-00C04F79EFBC}") = "Example.WebResources", "Examples\Example.WebResources\Example.WebResources.csproj", "{DB969CD3-F33E-408F-82F8-35FE7697B1E5}"
EndProject
Global
	GlobalSection(SolutionConfigurationPlatforms) = preSolution
		Debug|Any CPU = Debug|Any CPU
		Release|Any CPU = Release|Any CPU
	EndGlobalSection
	GlobalSection(ProjectConfigurationPlatforms) = postSolution
		{819C8E94-3E09-4FBE-A3A0-EF2445984557}.Debug|Any CPU.ActiveCfg = Debug|Any CPU
		{819C8E94-3E09-4FBE-A3A0-EF2445984557}.Debug|Any CPU.Build.0 = Debug|Any CPU
		{819C8E94-3E09-4FBE-A3A0-EF2445984557}.Release|Any CPU.ActiveCfg = Release|Any CPU
		{819C8E94-3E09-4FBE-A3A0-EF2445984557}.Release|Any CPU.Build.0 = Release|Any CPU
		{2D0041E9-05AF-45FA-A963-35016990E615}.Debug|Any CPU.ActiveCfg = Debug|Any CPU
		{2D0041E9-05AF-45FA-A963-35016990E615}.Debug|Any CPU.Build.0 = Debug|Any CPU
		{2D0041E9-05AF-45FA-A963-35016990E615}.Release|Any CPU.ActiveCfg = Release|Any CPU
		{2D0041E9-05AF-45FA-A963-35016990E615}.Release|Any CPU.Build.0 = Release|Any CPU
		{DB969CD3-F33E-408F-82F8-35FE7697B1E5}.Debug|Any CPU.ActiveCfg = Debug|Any CPU
		{DB969CD3-F33E-408F-82F8-35FE7697B1E5}.Debug|Any CPU.Build.0 = Debug|Any CPU
		{DB969CD3-F33E-408F-82F8-35FE7697B1E5}.Release|Any CPU.ActiveCfg = Release|Any CPU
		{DB969CD3-F33E-408F-82F8-35FE7697B1E5}.Release|Any CPU.Build.0 = Release|Any CPU
	EndGlobalSection
	GlobalSection(SolutionProperties) = preSolution
		HideSolutionNode = FALSE
	EndGlobalSection
	GlobalSection(NestedProjects) = preSolution
		{819C8E94-3E09-4FBE-A3A0-EF2445984557} = {93ECB88E-94BE-4860-89C1-68146422E205}
		{DB969CD3-F33E-408F-82F8-35FE7697B1E5} = {93ECB88E-94BE-4860-89C1-68146422E205}
	EndGlobalSection
	GlobalSection(SharedMSBuildProjectFiles) = preSolution
		FlowUI.Common\FlowUI.Common.projitems*{69cbf0c9-2b18-4e7c-a855-190f19c0d4c7}*SharedItemsImports = 13
		FlowUI.Common\FlowUI.Common.projitems*{819c8e94-3e09-4fbe-a3a0-ef2445984557}*SharedItemsImports = 4
	EndGlobalSection
EndGlobal
